
Microsoft Visual Studio Solution File, Format Version 12.00
# Visual Studio 14
VisualStudioVersion = 14.0.22823.1
MinimumVisualStudioVersion = 10.0.40219.1
Project("{FAE04EC0-301F-11D3-BF4B-00C04F79EFBC}") = "Glow", "Glow\Glow.csproj", "{5EF1CEA3-0FEF-41A9-8948-A84C8BFB2E65}"
EndProject
Project("{FAE04EC0-301F-11D3-BF4B-00C04F79EFBC}") = "GlowPi", "GlowPi\GlowPi.csproj", "{87F6AF54-1195-486A-8C73-A047119F7D1B}"
EndProject
Project("{FAE04EC0-301F-11D3-BF4B-00C04F79EFBC}") = "GlowCommon", "GlowCommon\GlowCommon.csproj", "{C96FC10E-C37E-4325-8F66-4B622A2BB6C7}"
EndProject
Project("{FAE04EC0-301F-11D3-BF4B-00C04F79EFBC}") = "GlowPiRunner", "GlowPiRunner\GlowPiRunner.csproj", "{64657F1A-79DA-48E8-8FC7-222F7BA4F6CA}"
EndProject
Project("{FAE04EC0-301F-11D3-BF4B-00C04F79EFBC}") = "WindowsIotLedDriver", "..\WindowsIotLedDriver\WindowsIotLedDriver\WindowsIotLedDriver.csproj", "{64BC76D6-8392-4764-8163-4B46FA6327C7}"
EndProject
Global
	GlobalSection(SolutionConfigurationPlatforms) = preSolution
		Debug|Any CPU = Debug|Any CPU
		Debug|ARM = Debug|ARM
		Debug|x64 = Debug|x64
		Debug|x86 = Debug|x86
		Release|Any CPU = Release|Any CPU
		Release|ARM = Release|ARM
		Release|x64 = Release|x64
		Release|x86 = Release|x86
	EndGlobalSection
	GlobalSection(ProjectConfigurationPlatforms) = postSolution
		{5EF1CEA3-0FEF-41A9-8948-A84C8BFB2E65}.Debug|Any CPU.ActiveCfg = Debug|x86
		{5EF1CEA3-0FEF-41A9-8948-A84C8BFB2E65}.Debug|ARM.ActiveCfg = Debug|ARM
		{5EF1CEA3-0FEF-41A9-8948-A84C8BFB2E65}.Debug|ARM.Build.0 = Debug|ARM
		{5EF1CEA3-0FEF-41A9-8948-A84C8BFB2E65}.Debug|ARM.Deploy.0 = Debug|ARM
		{5EF1CEA3-0FEF-41A9-8948-A84C8BFB2E65}.Debug|x64.ActiveCfg = Debug|x64
		{5EF1CEA3-0FEF-41A9-8948-A84C8BFB2E65}.Debug|x64.Build.0 = Debug|x64
		{5EF1CEA3-0FEF-41A9-8948-A84C8BFB2E65}.Debug|x64.Deploy.0 = Debug|x64
		{5EF1CEA3-0FEF-41A9-8948-A84C8BFB2E65}.Debug|x86.ActiveCfg = Debug|x86
		{5EF1CEA3-0FEF-41A9-8948-A84C8BFB2E65}.Debug|x86.Build.0 = Debug|x86
		{5EF1CEA3-0FEF-41A9-8948-A84C8BFB2E65}.Debug|x86.Deploy.0 = Debug|x86
		{5EF1CEA3-0FEF-41A9-8948-A84C8BFB2E65}.Release|Any CPU.ActiveCfg = Release|x86
		{5EF1CEA3-0FEF-41A9-8948-A84C8BFB2E65}.Release|ARM.ActiveCfg = Release|ARM
		{5EF1CEA3-0FEF-41A9-8948-A84C8BFB2E65}.Release|ARM.Build.0 = Release|ARM
		{5EF1CEA3-0FEF-41A9-8948-A84C8BFB2E65}.Release|ARM.Deploy.0 = Release|ARM
		{5EF1CEA3-0FEF-41A9-8948-A84C8BFB2E65}.Release|x64.ActiveCfg = Release|x64
		{5EF1CEA3-0FEF-41A9-8948-A84C8BFB2E65}.Release|x64.Build.0 = Release|x64
		{5EF1CEA3-0FEF-41A9-8948-A84C8BFB2E65}.Release|x64.Deploy.0 = Release|x64
		{5EF1CEA3-0FEF-41A9-8948-A84C8BFB2E65}.Release|x86.ActiveCfg = Release|x86
		{5EF1CEA3-0FEF-41A9-8948-A84C8BFB2E65}.Release|x86.Build.0 = Release|x86
		{5EF1CEA3-0FEF-41A9-8948-A84C8BFB2E65}.Release|x86.Deploy.0 = Release|x86
		{87F6AF54-1195-486A-8C73-A047119F7D1B}.Debug|Any CPU.ActiveCfg = Debug|x86
		{87F6AF54-1195-486A-8C73-A047119F7D1B}.Debug|ARM.ActiveCfg = Debug|ARM
		{87F6AF54-1195-486A-8C73-A047119F7D1B}.Debug|ARM.Build.0 = Debug|ARM
		{87F6AF54-1195-486A-8C73-A047119F7D1B}.Debug|ARM.Deploy.0 = Debug|ARM
		{87F6AF54-1195-486A-8C73-A047119F7D1B}.Debug|x64.ActiveCfg = Debug|x64
		{87F6AF54-1195-486A-8C73-A047119F7D1B}.Debug|x64.Build.0 = Debug|x64
		{87F6AF54-1195-486A-8C73-A047119F7D1B}.Debug|x64.Deploy.0 = Debug|x64
		{87F6AF54-1195-486A-8C73-A047119F7D1B}.Debug|x86.ActiveCfg = Debug|x86
		{87F6AF54-1195-486A-8C73-A047119F7D1B}.Debug|x86.Build.0 = Debug|x86
		{87F6AF54-1195-486A-8C73-A047119F7D1B}.Debug|x86.Deploy.0 = Debug|x86
		{87F6AF54-1195-486A-8C73-A047119F7D1B}.Release|Any CPU.ActiveCfg = Release|x86
		{87F6AF54-1195-486A-8C73-A047119F7D1B}.Release|ARM.ActiveCfg = Release|ARM
		{87F6AF54-1195-486A-8C73-A047119F7D1B}.Release|ARM.Build.0 = Release|ARM
		{87F6AF54-1195-486A-8C73-A047119F7D1B}.Release|ARM.Deploy.0 = Release|ARM
		{87F6AF54-1195-486A-8C73-A047119F7D1B}.Release|x64.ActiveCfg = Release|x64
		{87F6AF54-1195-486A-8C73-A047119F7D1B}.Release|x64.Build.0 = Release|x64
		{87F6AF54-1195-486A-8C73-A047119F7D1B}.Release|x64.Deploy.0 = Release|x64
		{87F6AF54-1195-486A-8C73-A047119F7D1B}.Release|x86.ActiveCfg = Release|x86
		{87F6AF54-1195-486A-8C73-A047119F7D1B}.Release|x86.Build.0 = Release|x86
		{87F6AF54-1195-486A-8C73-A047119F7D1B}.Release|x86.Deploy.0 = Release|x86
		{C96FC10E-C37E-4325-8F66-4B622A2BB6C7}.Debug|Any CPU.ActiveCfg = Debug|Any CPU
		{C96FC10E-C37E-4325-8F66-4B622A2BB6C7}.Debug|Any CPU.Build.0 = Debug|Any CPU
		{C96FC10E-C37E-4325-8F66-4B622A2BB6C7}.Debug|ARM.ActiveCfg = Debug|ARM
		{C96FC10E-C37E-4325-8F66-4B622A2BB6C7}.Debug|ARM.Build.0 = Debug|ARM
		{C96FC10E-C37E-4325-8F66-4B622A2BB6C7}.Debug|x64.ActiveCfg = Debug|x64
		{C96FC10E-C37E-4325-8F66-4B622A2BB6C7}.Debug|x64.Build.0 = Debug|x64
		{C96FC10E-C37E-4325-8F66-4B622A2BB6C7}.Debug|x86.ActiveCfg = Debug|x86
		{C96FC10E-C37E-4325-8F66-4B622A2BB6C7}.Debug|x86.Build.0 = Debug|x86
		{C96FC10E-C37E-4325-8F66-4B622A2BB6C7}.Release|Any CPU.ActiveCfg = Release|Any CPU
		{C96FC10E-C37E-4325-8F66-4B622A2BB6C7}.Release|Any CPU.Build.0 = Release|Any CPU
		{C96FC10E-C37E-4325-8F66-4B622A2BB6C7}.Release|ARM.ActiveCfg = Release|ARM
		{C96FC10E-C37E-4325-8F66-4B622A2BB6C7}.Release|ARM.Build.0 = Release|ARM
		{C96FC10E-C37E-4325-8F66-4B622A2BB6C7}.Release|x64.ActiveCfg = Release|x64
		{C96FC10E-C37E-4325-8F66-4B622A2BB6C7}.Release|x64.Build.0 = Release|x64
		{C96FC10E-C37E-4325-8F66-4B622A2BB6C7}.Release|x86.ActiveCfg = Release|x86
		{C96FC10E-C37E-4325-8F66-4B622A2BB6C7}.Release|x86.Build.0 = Release|x86
		{64657F1A-79DA-48E8-8FC7-222F7BA4F6CA}.Debug|Any CPU.ActiveCfg = Debug|x86
		{64657F1A-79DA-48E8-8FC7-222F7BA4F6CA}.Debug|ARM.ActiveCfg = Debug|ARM
		{64657F1A-79DA-48E8-8FC7-222F7BA4F6CA}.Debug|ARM.Build.0 = Debug|ARM
		{64657F1A-79DA-48E8-8FC7-222F7BA4F6CA}.Debug|ARM.Deploy.0 = Debug|ARM
		{64657F1A-79DA-48E8-8FC7-222F7BA4F6CA}.Debug|x64.ActiveCfg = Debug|x64
		{64657F1A-79DA-48E8-8FC7-222F7BA4F6CA}.Debug|x64.Build.0 = Debug|x64
		{64657F1A-79DA-48E8-8FC7-222F7BA4F6CA}.Debug|x64.Deploy.0 = Debug|x64
		{64657F1A-79DA-48E8-8FC7-222F7BA4F6CA}.Debug|x86.ActiveCfg = Debug|x86
		{64657F1A-79DA-48E8-8FC7-222F7BA4F6CA}.Debug|x86.Build.0 = Debug|x86
		{64657F1A-79DA-48E8-8FC7-222F7BA4F6CA}.Debug|x86.Deploy.0 = Debug|x86
		{64657F1A-79DA-48E8-8FC7-222F7BA4F6CA}.Release|Any CPU.ActiveCfg = Release|x86
		{64657F1A-79DA-48E8-8FC7-222F7BA4F6CA}.Release|ARM.ActiveCfg = Release|ARM
		{64657F1A-79DA-48E8-8FC7-222F7BA4F6CA}.Release|ARM.Build.0 = Release|ARM
		{64657F1A-79DA-48E8-8FC7-222F7BA4F6CA}.Release|ARM.Deploy.0 = Release|ARM
		{64657F1A-79DA-48E8-8FC7-222F7BA4F6CA}.Release|x64.ActiveCfg = Release|x64
		{64657F1A-79DA-48E8-8FC7-222F7BA4F6CA}.Release|x64.Build.0 = Release|x64
		{64657F1A-79DA-48E8-8FC7-222F7BA4F6CA}.Release|x64.Deploy.0 = Release|x64
		{64657F1A-79DA-48E8-8FC7-222F7BA4F6CA}.Release|x86.ActiveCfg = Release|x86
		{64657F1A-79DA-48E8-8FC7-222F7BA4F6CA}.Release|x86.Build.0 = Release|x86
		{64657F1A-79DA-48E8-8FC7-222F7BA4F6CA}.Release|x86.Deploy.0 = Release|x86
		{64BC76D6-8392-4764-8163-4B46FA6327C7}.Debug|Any CPU.ActiveCfg = Debug|Any CPU
		{64BC76D6-8392-4764-8163-4B46FA6327C7}.Debug|Any CPU.Build.0 = Debug|Any CPU
		{64BC76D6-8392-4764-8163-4B46FA6327C7}.Debug|ARM.ActiveCfg = Debug|ARM
		{64BC76D6-8392-4764-8163-4B46FA6327C7}.Debug|ARM.Build.0 = Debug|ARM
		{64BC76D6-8392-4764-8163-4B46FA6327C7}.Debug|x64.ActiveCfg = Debug|x64
		{64BC76D6-8392-4764-8163-4B46FA6327C7}.Debug|x64.Build.0 = Debug|x64
		{64BC76D6-8392-4764-8163-4B46FA6327C7}.Debug|x86.ActiveCfg = Debug|x86
		{64BC76D6-8392-4764-8163-4B46FA6327C7}.Debug|x86.Build.0 = Debug|x86
		{64BC76D6-8392-4764-8163-4B46FA6327C7}.Release|Any CPU.ActiveCfg = Release|Any CPU
		{64BC76D6-8392-4764-8163-4B46FA6327C7}.Release|Any CPU.Build.0 = Release|Any CPU
		{64BC76D6-8392-4764-8163-4B46FA6327C7}.Release|ARM.ActiveCfg = Release|ARM
		{64BC76D6-8392-4764-8163-4B46FA6327C7}.Release|ARM.Build.0 = Release|ARM
		{64BC76D6-8392-4764-8163-4B46FA6327C7}.Release|x64.ActiveCfg = Release|x64
		{64BC76D6-8392-4764-8163-4B46FA6327C7}.Release|x64.Build.0 = Release|x64
		{64BC76D6-8392-4764-8163-4B46FA6327C7}.Release|x86.ActiveCfg = Release|x86
		{64BC76D6-8392-4764-8163-4B46FA6327C7}.Release|x86.Build.0 = Release|x86
	EndGlobalSection
	GlobalSection(SolutionProperties) = preSolution
		HideSolutionNode = FALSE
	EndGlobalSection
EndGlobal
